
Microsoft Visual Studio Solution File, Format Version 12.00
# Visual Studio Version 17
VisualStudioVersion = 17.5.002.0
MinimumVisualStudioVersion = 10.0.40219.1
Project("{9A19103F-16F7-4668-BE54-9A1E7A4F7556}") = "UDPJPG", "UDPJPG.csproj", "{D270D11E-ED85-4F05-B5B2-6BE263B29F0B}"
EndProject
Global
	GlobalSection(SolutionConfigurationPlatforms) = preSolution
		Debug|Any CPU = Debug|Any CPU
		Release|Any CPU = Release|Any CPU
	EndGlobalSection
	GlobalSection(ProjectConfigurationPlatforms) = postSolution
		{D270D11E-ED85-4F05-B5B2-6BE263B29F0B}.Debug|Any CPU.ActiveCfg = Debug|Any CPU
		{D270D11E-ED85-4F05-B5B2-6BE263B29F0B}.Debug|Any CPU.Build.0 = Debug|Any CPU
		{D270D11E-ED85-4F05-B5B2-6BE263B29F0B}.Release|Any CPU.ActiveCfg = Release|Any CPU
		{D270D11E-ED85-4F05-B5B2-6BE263B29F0B}.Release|Any CPU.Build.0 = Release|Any CPU
	EndGlobalSection
	GlobalSection(SolutionProperties) = preSolution
		HideSolutionNode = FALSE
	EndGlobalSection
	GlobalSection(ExtensibilityGlobals) = postSolution
		SolutionGuid = {767F23E1-1DBC-4397-A3F9-D5F6F9554139}
	EndGlobalSection
EndGlobal
